# THIS IS AN AUTOGENERATED FILE. DO NOT EDIT THIS FILE DIRECTLY.
# yarn lockfile v1


reactjs-popup@^2.0.6:
  version "2.0.6"
  resolved "https://registry.yarnpkg.com/reactjs-popup/-/reactjs-popup-2.0.6.tgz#ff0e340e31d03785ae62f6b6cf62de1ef48c9605"
  integrity sha512-A+tt+x9wdgZiZjv0e2WzYLD3IfFwJALaRaqwrCSXGjo0iQdsry/EtBEbQXRSmQs7cHmOi5eytCiSlOm8k4C+dg==
